
Microsoft Visual Studio Solution File, Format Version 11.00
# Visual Studio 2010
Project("{FAE04EC0-301F-11D3-BF4B-00C04F79EFBC}") = "ConsoleApplication_XPath", "ConsoleApplication1\ConsoleApplication_XPath.csproj", "{CF1E31C7-C89C-4AB7-937C-7C6ECB0F6B1C}"
EndProject
Project("{FAE04EC0-301F-11D3-BF4B-00C04F79EFBC}") = "ConsoleApplication_Database", "ConsoleApplication_Database\ConsoleApplication_Database.csproj", "{1E61A2C6-4122-4FAE-83D6-8000F2F56B3C}"
EndProject
Project("{FAE04EC0-301F-11D3-BF4B-00C04F79EFBC}") = "ConsoleApplication3", "ConsoleApplication3\ConsoleApplication3.csproj", "{5B89BE8E-A320-4C44-879D-53D7066C6412}"
EndProject
Project("{FAE04EC0-301F-11D3-BF4B-00C04F79EFBC}") = "CXDecoder", "CXDecoder\CXDecoder.csproj", "{4B2F27FD-644C-4F23-BC09-24FFA242088C}"
EndProject
Project("{FAE04EC0-301F-11D3-BF4B-00C04F79EFBC}") = "ConsoleApplication5", "ConsoleApplication5\ConsoleApplication5.csproj", "{07A1E1F2-95ED-419B-A6E1-94411406B820}"
EndProject
Project("{FAE04EC0-301F-11D3-BF4B-00C04F79EFBC}") = "ConsoleApp", "ConsoleApp\ConsoleApp.csproj", "{C8D090F3-7384-4E82-A233-1F6A7862DAEE}"
EndProject
Global
	GlobalSection(SolutionConfigurationPlatforms) = preSolution
		Debug|Any CPU = Debug|Any CPU
		Debug|Mixed Platforms = Debug|Mixed Platforms
		Debug|x86 = Debug|x86
		Release|Any CPU = Release|Any CPU
		Release|Mixed Platforms = Release|Mixed Platforms
		Release|x86 = Release|x86
	EndGlobalSection
	GlobalSection(ProjectConfigurationPlatforms) = postSolution
		{CF1E31C7-C89C-4AB7-937C-7C6ECB0F6B1C}.Debug|Any CPU.ActiveCfg = Debug|x86
		{CF1E31C7-C89C-4AB7-937C-7C6ECB0F6B1C}.Debug|Mixed Platforms.ActiveCfg = Debug|x86
		{CF1E31C7-C89C-4AB7-937C-7C6ECB0F6B1C}.Debug|Mixed Platforms.Build.0 = Debug|x86
		{CF1E31C7-C89C-4AB7-937C-7C6ECB0F6B1C}.Debug|x86.ActiveCfg = Debug|x86
		{CF1E31C7-C89C-4AB7-937C-7C6ECB0F6B1C}.Debug|x86.Build.0 = Debug|x86
		{CF1E31C7-C89C-4AB7-937C-7C6ECB0F6B1C}.Release|Any CPU.ActiveCfg = Release|x86
		{CF1E31C7-C89C-4AB7-937C-7C6ECB0F6B1C}.Release|Mixed Platforms.ActiveCfg = Release|x86
		{CF1E31C7-C89C-4AB7-937C-7C6ECB0F6B1C}.Release|Mixed Platforms.Build.0 = Release|x86
		{CF1E31C7-C89C-4AB7-937C-7C6ECB0F6B1C}.Release|x86.ActiveCfg = Release|x86
		{CF1E31C7-C89C-4AB7-937C-7C6ECB0F6B1C}.Release|x86.Build.0 = Release|x86
		{1E61A2C6-4122-4FAE-83D6-8000F2F56B3C}.Debug|Any CPU.ActiveCfg = Debug|x86
		{1E61A2C6-4122-4FAE-83D6-8000F2F56B3C}.Debug|Mixed Platforms.ActiveCfg = Debug|x86
		{1E61A2C6-4122-4FAE-83D6-8000F2F56B3C}.Debug|Mixed Platforms.Build.0 = Debug|x86
		{1E61A2C6-4122-4FAE-83D6-8000F2F56B3C}.Debug|x86.ActiveCfg = Debug|x86
		{1E61A2C6-4122-4FAE-83D6-8000F2F56B3C}.Debug|x86.Build.0 = Debug|x86
		{1E61A2C6-4122-4FAE-83D6-8000F2F56B3C}.Release|Any CPU.ActiveCfg = Release|x86
		{1E61A2C6-4122-4FAE-83D6-8000F2F56B3C}.Release|Mixed Platforms.ActiveCfg = Release|x86
		{1E61A2C6-4122-4FAE-83D6-8000F2F56B3C}.Release|Mixed Platforms.Build.0 = Release|x86
		{1E61A2C6-4122-4FAE-83D6-8000F2F56B3C}.Release|x86.ActiveCfg = Release|x86
		{1E61A2C6-4122-4FAE-83D6-8000F2F56B3C}.Release|x86.Build.0 = Release|x86
		{5B89BE8E-A320-4C44-879D-53D7066C6412}.Debug|Any CPU.ActiveCfg = Debug|x86
		{5B89BE8E-A320-4C44-879D-53D7066C6412}.Debug|Mixed Platforms.ActiveCfg = Debug|x86
		{5B89BE8E-A320-4C44-879D-53D7066C6412}.Debug|Mixed Platforms.Build.0 = Debug|x86
		{5B89BE8E-A320-4C44-879D-53D7066C6412}.Debug|x86.ActiveCfg = Debug|x86
		{5B89BE8E-A320-4C44-879D-53D7066C6412}.Debug|x86.Build.0 = Debug|x86
		{5B89BE8E-A320-4C44-879D-53D7066C6412}.Release|Any CPU.ActiveCfg = Release|x86
		{5B89BE8E-A320-4C44-879D-53D7066C6412}.Release|Mixed Platforms.ActiveCfg = Release|x86
		{5B89BE8E-A320-4C44-879D-53D7066C6412}.Release|Mixed Platforms.Build.0 = Release|x86
		{5B89BE8E-A320-4C44-879D-53D7066C6412}.Release|x86.ActiveCfg = Release|x86
		{5B89BE8E-A320-4C44-879D-53D7066C6412}.Release|x86.Build.0 = Release|x86
		{4B2F27FD-644C-4F23-BC09-24FFA242088C}.Debug|Any CPU.ActiveCfg = Debug|x86
		{4B2F27FD-644C-4F23-BC09-24FFA242088C}.Debug|Mixed Platforms.ActiveCfg = Debug|x86
		{4B2F27FD-644C-4F23-BC09-24FFA242088C}.Debug|Mixed Platforms.Build.0 = Debug|x86
		{4B2F27FD-644C-4F23-BC09-24FFA242088C}.Debug|x86.ActiveCfg = Debug|x86
		{4B2F27FD-644C-4F23-BC09-24FFA242088C}.Debug|x86.Build.0 = Debug|x86
		{4B2F27FD-644C-4F23-BC09-24FFA242088C}.Release|Any CPU.ActiveCfg = Release|x86
		{4B2F27FD-644C-4F23-BC09-24FFA242088C}.Release|Mixed Platforms.ActiveCfg = Release|x86
		{4B2F27FD-644C-4F23-BC09-24FFA242088C}.Release|Mixed Platforms.Build.0 = Release|x86
		{4B2F27FD-644C-4F23-BC09-24FFA242088C}.Release|x86.ActiveCfg = Release|x86
		{4B2F27FD-644C-4F23-BC09-24FFA242088C}.Release|x86.Build.0 = Release|x86
		{07A1E1F2-95ED-419B-A6E1-94411406B820}.Debug|Any CPU.ActiveCfg = Debug|x86
		{07A1E1F2-95ED-419B-A6E1-94411406B820}.Debug|Mixed Platforms.ActiveCfg = Debug|x86
		{07A1E1F2-95ED-419B-A6E1-94411406B820}.Debug|Mixed Platforms.Build.0 = Debug|x86
		{07A1E1F2-95ED-419B-A6E1-94411406B820}.Debug|x86.ActiveCfg = Debug|x86
		{07A1E1F2-95ED-419B-A6E1-94411406B820}.Debug|x86.Build.0 = Debug|x86
		{07A1E1F2-95ED-419B-A6E1-94411406B820}.Release|Any CPU.ActiveCfg = Release|x86
		{07A1E1F2-95ED-419B-A6E1-94411406B820}.Release|Mixed Platforms.ActiveCfg = Release|x86
		{07A1E1F2-95ED-419B-A6E1-94411406B820}.Release|Mixed Platforms.Build.0 = Release|x86
		{07A1E1F2-95ED-419B-A6E1-94411406B820}.Release|x86.ActiveCfg = Release|x86
		{07A1E1F2-95ED-419B-A6E1-94411406B820}.Release|x86.Build.0 = Release|x86
		{C8D090F3-7384-4E82-A233-1F6A7862DAEE}.Debug|Any CPU.ActiveCfg = Debug|x86
		{C8D090F3-7384-4E82-A233-1F6A7862DAEE}.Debug|Mixed Platforms.ActiveCfg = Debug|x86
		{C8D090F3-7384-4E82-A233-1F6A7862DAEE}.Debug|Mixed Platforms.Build.0 = Debug|x86
		{C8D090F3-7384-4E82-A233-1F6A7862DAEE}.Debug|x86.ActiveCfg = Debug|x86
		{C8D090F3-7384-4E82-A233-1F6A7862DAEE}.Debug|x86.Build.0 = Debug|x86
		{C8D090F3-7384-4E82-A233-1F6A7862DAEE}.Release|Any CPU.ActiveCfg = Release|x86
		{C8D090F3-7384-4E82-A233-1F6A7862DAEE}.Release|Mixed Platforms.ActiveCfg = Release|x86
		{C8D090F3-7384-4E82-A233-1F6A7862DAEE}.Release|Mixed Platforms.Build.0 = Release|x86
		{C8D090F3-7384-4E82-A233-1F6A7862DAEE}.Release|x86.ActiveCfg = Release|x86
		{C8D090F3-7384-4E82-A233-1F6A7862DAEE}.Release|x86.Build.0 = Release|x86
	EndGlobalSection
	GlobalSection(SolutionProperties) = preSolution
		HideSolutionNode = FALSE
	EndGlobalSection
EndGlobal
