
Microsoft Visual Studio Solution File, Format Version 12.00
# Visual Studio 2012
Project("{FAE04EC0-301F-11D3-BF4B-00C04F79EFBC}") = "ConsoleApp1", "ConsoleApplication1\ConsoleApp1.csproj", "{59653B25-8330-4D76-836A-5D7814352D1D}"
EndProject
Project("{FAE04EC0-301F-11D3-BF4B-00C04F79EFBC}") = "ConsoleApp2", "ConsoleApplication2\ConsoleApp2.csproj", "{4ABA2408-7F8F-41D7-A0E7-6E36AB4E9BAA}"
EndProject
Project("{FAE04EC0-301F-11D3-BF4B-00C04F79EFBC}") = "ConsoleApp3", "ConsoleApp3\ConsoleApp3.csproj", "{9ED9FC8F-4DF6-4FFE-9DEB-5BC76D175FBA}"
EndProject
Project("{FAE04EC0-301F-11D3-BF4B-00C04F79EFBC}") = "Common", "Common\Common.csproj", "{AC33CDD9-A7F1-4A1D-88B8-59A536D0F9A3}"
EndProject
Project("{FAE04EC0-301F-11D3-BF4B-00C04F79EFBC}") = "DbApp1", "DbApp1\DbApp1.csproj", "{58ABE1F4-544A-490E-8856-F8FE3974EC16}"
EndProject
Project("{FAE04EC0-301F-11D3-BF4B-00C04F79EFBC}") = "RegexEx", "RegexEx\RegexEx.csproj", "{9B3AC7A7-F61B-46B7-A8A6-11052D023D3E}"
EndProject
Project("{FAE04EC0-301F-11D3-BF4B-00C04F79EFBC}") = "XpathAppl1", "XpathAppl1\XpathAppl1.csproj", "{03E25938-A478-41C7-BB2A-B75F477B05C3}"
EndProject
Project("{FAE04EC0-301F-11D3-BF4B-00C04F79EFBC}") = "TstString", "TstString\TstString.csproj", "{0321F37A-702D-406F-A509-6C4A5C87B6BC}"
EndProject
Project("{FAE04EC0-301F-11D3-BF4B-00C04F79EFBC}") = "StdIO", "StdIO\StdIO.csproj", "{59F1CB1C-9572-4B0F-A9CD-5D2850417B0D}"
EndProject
Project("{FAE04EC0-301F-11D3-BF4B-00C04F79EFBC}") = "TstClass", "TstClass\TstClass.csproj", "{FF78258B-24DD-498E-B9B1-0CACB29C18A3}"
EndProject
Project("{FAE04EC0-301F-11D3-BF4B-00C04F79EFBC}") = "SocketServer", "Socket\SocketServer\SocketServer.csproj", "{AE3C63DC-89C8-443F-81B1-6229702A754D}"
EndProject
Project("{FAE04EC0-301F-11D3-BF4B-00C04F79EFBC}") = "SocketClient", "Socket\SocketClient\SocketClient.csproj", "{AC44A609-C360-475C-8BC2-D11754004E27}"
EndProject
Project("{FAE04EC0-301F-11D3-BF4B-00C04F79EFBC}") = "CommandLine", "CommandLine\CommandLine.csproj", "{5CA698A0-3445-4D9F-A3FE-AE79B4BED58C}"
EndProject
Global
	GlobalSection(SolutionConfigurationPlatforms) = preSolution
		Debug|Any CPU = Debug|Any CPU
		Debug|Mixed Platforms = Debug|Mixed Platforms
		Debug|x86 = Debug|x86
		Release|Any CPU = Release|Any CPU
		Release|Mixed Platforms = Release|Mixed Platforms
		Release|x86 = Release|x86
	EndGlobalSection
	GlobalSection(ProjectConfigurationPlatforms) = postSolution
		{59653B25-8330-4D76-836A-5D7814352D1D}.Debug|Any CPU.ActiveCfg = Debug|x86
		{59653B25-8330-4D76-836A-5D7814352D1D}.Debug|Mixed Platforms.ActiveCfg = Debug|x86
		{59653B25-8330-4D76-836A-5D7814352D1D}.Debug|Mixed Platforms.Build.0 = Debug|x86
		{59653B25-8330-4D76-836A-5D7814352D1D}.Debug|x86.ActiveCfg = Debug|x86
		{59653B25-8330-4D76-836A-5D7814352D1D}.Debug|x86.Build.0 = Debug|x86
		{59653B25-8330-4D76-836A-5D7814352D1D}.Release|Any CPU.ActiveCfg = Release|x86
		{59653B25-8330-4D76-836A-5D7814352D1D}.Release|Mixed Platforms.ActiveCfg = Release|x86
		{59653B25-8330-4D76-836A-5D7814352D1D}.Release|Mixed Platforms.Build.0 = Release|x86
		{59653B25-8330-4D76-836A-5D7814352D1D}.Release|x86.ActiveCfg = Release|x86
		{59653B25-8330-4D76-836A-5D7814352D1D}.Release|x86.Build.0 = Release|x86
		{4ABA2408-7F8F-41D7-A0E7-6E36AB4E9BAA}.Debug|Any CPU.ActiveCfg = Debug|x86
		{4ABA2408-7F8F-41D7-A0E7-6E36AB4E9BAA}.Debug|Mixed Platforms.ActiveCfg = Debug|x86
		{4ABA2408-7F8F-41D7-A0E7-6E36AB4E9BAA}.Debug|Mixed Platforms.Build.0 = Debug|x86
		{4ABA2408-7F8F-41D7-A0E7-6E36AB4E9BAA}.Debug|x86.ActiveCfg = Debug|x86
		{4ABA2408-7F8F-41D7-A0E7-6E36AB4E9BAA}.Debug|x86.Build.0 = Debug|x86
		{4ABA2408-7F8F-41D7-A0E7-6E36AB4E9BAA}.Release|Any CPU.ActiveCfg = Release|x86
		{4ABA2408-7F8F-41D7-A0E7-6E36AB4E9BAA}.Release|Mixed Platforms.ActiveCfg = Release|x86
		{4ABA2408-7F8F-41D7-A0E7-6E36AB4E9BAA}.Release|Mixed Platforms.Build.0 = Release|x86
		{4ABA2408-7F8F-41D7-A0E7-6E36AB4E9BAA}.Release|x86.ActiveCfg = Release|x86
		{4ABA2408-7F8F-41D7-A0E7-6E36AB4E9BAA}.Release|x86.Build.0 = Release|x86
		{9ED9FC8F-4DF6-4FFE-9DEB-5BC76D175FBA}.Debug|Any CPU.ActiveCfg = Debug|x86
		{9ED9FC8F-4DF6-4FFE-9DEB-5BC76D175FBA}.Debug|Mixed Platforms.ActiveCfg = Debug|x86
		{9ED9FC8F-4DF6-4FFE-9DEB-5BC76D175FBA}.Debug|Mixed Platforms.Build.0 = Debug|x86
		{9ED9FC8F-4DF6-4FFE-9DEB-5BC76D175FBA}.Debug|x86.ActiveCfg = Debug|x86
		{9ED9FC8F-4DF6-4FFE-9DEB-5BC76D175FBA}.Debug|x86.Build.0 = Debug|x86
		{9ED9FC8F-4DF6-4FFE-9DEB-5BC76D175FBA}.Release|Any CPU.ActiveCfg = Release|x86
		{9ED9FC8F-4DF6-4FFE-9DEB-5BC76D175FBA}.Release|Mixed Platforms.ActiveCfg = Release|x86
		{9ED9FC8F-4DF6-4FFE-9DEB-5BC76D175FBA}.Release|Mixed Platforms.Build.0 = Release|x86
		{9ED9FC8F-4DF6-4FFE-9DEB-5BC76D175FBA}.Release|x86.ActiveCfg = Release|x86
		{9ED9FC8F-4DF6-4FFE-9DEB-5BC76D175FBA}.Release|x86.Build.0 = Release|x86
		{AC33CDD9-A7F1-4A1D-88B8-59A536D0F9A3}.Debug|Any CPU.ActiveCfg = Debug|Any CPU
		{AC33CDD9-A7F1-4A1D-88B8-59A536D0F9A3}.Debug|Any CPU.Build.0 = Debug|Any CPU
		{AC33CDD9-A7F1-4A1D-88B8-59A536D0F9A3}.Debug|Mixed Platforms.ActiveCfg = Debug|Any CPU
		{AC33CDD9-A7F1-4A1D-88B8-59A536D0F9A3}.Debug|Mixed Platforms.Build.0 = Debug|Any CPU
		{AC33CDD9-A7F1-4A1D-88B8-59A536D0F9A3}.Debug|x86.ActiveCfg = Debug|Any CPU
		{AC33CDD9-A7F1-4A1D-88B8-59A536D0F9A3}.Release|Any CPU.ActiveCfg = Release|Any CPU
		{AC33CDD9-A7F1-4A1D-88B8-59A536D0F9A3}.Release|Any CPU.Build.0 = Release|Any CPU
		{AC33CDD9-A7F1-4A1D-88B8-59A536D0F9A3}.Release|Mixed Platforms.ActiveCfg = Release|Any CPU
		{AC33CDD9-A7F1-4A1D-88B8-59A536D0F9A3}.Release|Mixed Platforms.Build.0 = Release|Any CPU
		{AC33CDD9-A7F1-4A1D-88B8-59A536D0F9A3}.Release|x86.ActiveCfg = Release|Any CPU
		{58ABE1F4-544A-490E-8856-F8FE3974EC16}.Debug|Any CPU.ActiveCfg = Debug|x86
		{58ABE1F4-544A-490E-8856-F8FE3974EC16}.Debug|Mixed Platforms.ActiveCfg = Debug|x86
		{58ABE1F4-544A-490E-8856-F8FE3974EC16}.Debug|Mixed Platforms.Build.0 = Debug|x86
		{58ABE1F4-544A-490E-8856-F8FE3974EC16}.Debug|x86.ActiveCfg = Debug|x86
		{58ABE1F4-544A-490E-8856-F8FE3974EC16}.Debug|x86.Build.0 = Debug|x86
		{58ABE1F4-544A-490E-8856-F8FE3974EC16}.Release|Any CPU.ActiveCfg = Release|x86
		{58ABE1F4-544A-490E-8856-F8FE3974EC16}.Release|Mixed Platforms.ActiveCfg = Release|x86
		{58ABE1F4-544A-490E-8856-F8FE3974EC16}.Release|Mixed Platforms.Build.0 = Release|x86
		{58ABE1F4-544A-490E-8856-F8FE3974EC16}.Release|x86.ActiveCfg = Release|x86
		{58ABE1F4-544A-490E-8856-F8FE3974EC16}.Release|x86.Build.0 = Release|x86
		{9B3AC7A7-F61B-46B7-A8A6-11052D023D3E}.Debug|Any CPU.ActiveCfg = Debug|x86
		{9B3AC7A7-F61B-46B7-A8A6-11052D023D3E}.Debug|Mixed Platforms.ActiveCfg = Debug|x86
		{9B3AC7A7-F61B-46B7-A8A6-11052D023D3E}.Debug|Mixed Platforms.Build.0 = Debug|x86
		{9B3AC7A7-F61B-46B7-A8A6-11052D023D3E}.Debug|x86.ActiveCfg = Debug|x86
		{9B3AC7A7-F61B-46B7-A8A6-11052D023D3E}.Debug|x86.Build.0 = Debug|x86
		{9B3AC7A7-F61B-46B7-A8A6-11052D023D3E}.Release|Any CPU.ActiveCfg = Release|x86
		{9B3AC7A7-F61B-46B7-A8A6-11052D023D3E}.Release|Mixed Platforms.ActiveCfg = Release|x86
		{9B3AC7A7-F61B-46B7-A8A6-11052D023D3E}.Release|Mixed Platforms.Build.0 = Release|x86
		{9B3AC7A7-F61B-46B7-A8A6-11052D023D3E}.Release|x86.ActiveCfg = Release|x86
		{9B3AC7A7-F61B-46B7-A8A6-11052D023D3E}.Release|x86.Build.0 = Release|x86
		{03E25938-A478-41C7-BB2A-B75F477B05C3}.Debug|Any CPU.ActiveCfg = Debug|x86
		{03E25938-A478-41C7-BB2A-B75F477B05C3}.Debug|Mixed Platforms.ActiveCfg = Debug|x86
		{03E25938-A478-41C7-BB2A-B75F477B05C3}.Debug|Mixed Platforms.Build.0 = Debug|x86
		{03E25938-A478-41C7-BB2A-B75F477B05C3}.Debug|x86.ActiveCfg = Debug|x86
		{03E25938-A478-41C7-BB2A-B75F477B05C3}.Debug|x86.Build.0 = Debug|x86
		{03E25938-A478-41C7-BB2A-B75F477B05C3}.Release|Any CPU.ActiveCfg = Release|x86
		{03E25938-A478-41C7-BB2A-B75F477B05C3}.Release|Mixed Platforms.ActiveCfg = Release|x86
		{03E25938-A478-41C7-BB2A-B75F477B05C3}.Release|Mixed Platforms.Build.0 = Release|x86
		{03E25938-A478-41C7-BB2A-B75F477B05C3}.Release|x86.ActiveCfg = Release|x86
		{03E25938-A478-41C7-BB2A-B75F477B05C3}.Release|x86.Build.0 = Release|x86
		{0321F37A-702D-406F-A509-6C4A5C87B6BC}.Debug|Any CPU.ActiveCfg = Debug|x86
		{0321F37A-702D-406F-A509-6C4A5C87B6BC}.Debug|Mixed Platforms.ActiveCfg = Debug|x86
		{0321F37A-702D-406F-A509-6C4A5C87B6BC}.Debug|Mixed Platforms.Build.0 = Debug|x86
		{0321F37A-702D-406F-A509-6C4A5C87B6BC}.Debug|x86.ActiveCfg = Debug|x86
		{0321F37A-702D-406F-A509-6C4A5C87B6BC}.Debug|x86.Build.0 = Debug|x86
		{0321F37A-702D-406F-A509-6C4A5C87B6BC}.Release|Any CPU.ActiveCfg = Release|x86
		{0321F37A-702D-406F-A509-6C4A5C87B6BC}.Release|Mixed Platforms.ActiveCfg = Release|x86
		{0321F37A-702D-406F-A509-6C4A5C87B6BC}.Release|Mixed Platforms.Build.0 = Release|x86
		{0321F37A-702D-406F-A509-6C4A5C87B6BC}.Release|x86.ActiveCfg = Release|x86
		{0321F37A-702D-406F-A509-6C4A5C87B6BC}.Release|x86.Build.0 = Release|x86
		{59F1CB1C-9572-4B0F-A9CD-5D2850417B0D}.Debug|Any CPU.ActiveCfg = Debug|x86
		{59F1CB1C-9572-4B0F-A9CD-5D2850417B0D}.Debug|Mixed Platforms.ActiveCfg = Debug|x86
		{59F1CB1C-9572-4B0F-A9CD-5D2850417B0D}.Debug|Mixed Platforms.Build.0 = Debug|x86
		{59F1CB1C-9572-4B0F-A9CD-5D2850417B0D}.Debug|x86.ActiveCfg = Debug|x86
		{59F1CB1C-9572-4B0F-A9CD-5D2850417B0D}.Debug|x86.Build.0 = Debug|x86
		{59F1CB1C-9572-4B0F-A9CD-5D2850417B0D}.Release|Any CPU.ActiveCfg = Release|x86
		{59F1CB1C-9572-4B0F-A9CD-5D2850417B0D}.Release|Mixed Platforms.ActiveCfg = Release|x86
		{59F1CB1C-9572-4B0F-A9CD-5D2850417B0D}.Release|Mixed Platforms.Build.0 = Release|x86
		{59F1CB1C-9572-4B0F-A9CD-5D2850417B0D}.Release|x86.ActiveCfg = Release|x86
		{59F1CB1C-9572-4B0F-A9CD-5D2850417B0D}.Release|x86.Build.0 = Release|x86
		{FF78258B-24DD-498E-B9B1-0CACB29C18A3}.Debug|Any CPU.ActiveCfg = Debug|x86
		{FF78258B-24DD-498E-B9B1-0CACB29C18A3}.Debug|Mixed Platforms.ActiveCfg = Debug|x86
		{FF78258B-24DD-498E-B9B1-0CACB29C18A3}.Debug|Mixed Platforms.Build.0 = Debug|x86
		{FF78258B-24DD-498E-B9B1-0CACB29C18A3}.Debug|x86.ActiveCfg = Debug|x86
		{FF78258B-24DD-498E-B9B1-0CACB29C18A3}.Debug|x86.Build.0 = Debug|x86
		{FF78258B-24DD-498E-B9B1-0CACB29C18A3}.Release|Any CPU.ActiveCfg = Release|x86
		{FF78258B-24DD-498E-B9B1-0CACB29C18A3}.Release|Mixed Platforms.ActiveCfg = Release|x86
		{FF78258B-24DD-498E-B9B1-0CACB29C18A3}.Release|Mixed Platforms.Build.0 = Release|x86
		{FF78258B-24DD-498E-B9B1-0CACB29C18A3}.Release|x86.ActiveCfg = Release|x86
		{FF78258B-24DD-498E-B9B1-0CACB29C18A3}.Release|x86.Build.0 = Release|x86
		{AE3C63DC-89C8-443F-81B1-6229702A754D}.Debug|Any CPU.ActiveCfg = Debug|x86
		{AE3C63DC-89C8-443F-81B1-6229702A754D}.Debug|Mixed Platforms.ActiveCfg = Debug|x86
		{AE3C63DC-89C8-443F-81B1-6229702A754D}.Debug|Mixed Platforms.Build.0 = Debug|x86
		{AE3C63DC-89C8-443F-81B1-6229702A754D}.Debug|x86.ActiveCfg = Debug|x86
		{AE3C63DC-89C8-443F-81B1-6229702A754D}.Debug|x86.Build.0 = Debug|x86
		{AE3C63DC-89C8-443F-81B1-6229702A754D}.Release|Any CPU.ActiveCfg = Release|x86
		{AE3C63DC-89C8-443F-81B1-6229702A754D}.Release|Mixed Platforms.ActiveCfg = Release|x86
		{AE3C63DC-89C8-443F-81B1-6229702A754D}.Release|Mixed Platforms.Build.0 = Release|x86
		{AE3C63DC-89C8-443F-81B1-6229702A754D}.Release|x86.ActiveCfg = Release|x86
		{AE3C63DC-89C8-443F-81B1-6229702A754D}.Release|x86.Build.0 = Release|x86
		{AC44A609-C360-475C-8BC2-D11754004E27}.Debug|Any CPU.ActiveCfg = Debug|x86
		{AC44A609-C360-475C-8BC2-D11754004E27}.Debug|Mixed Platforms.ActiveCfg = Debug|x86
		{AC44A609-C360-475C-8BC2-D11754004E27}.Debug|Mixed Platforms.Build.0 = Debug|x86
		{AC44A609-C360-475C-8BC2-D11754004E27}.Debug|x86.ActiveCfg = Debug|x86
		{AC44A609-C360-475C-8BC2-D11754004E27}.Debug|x86.Build.0 = Debug|x86
		{AC44A609-C360-475C-8BC2-D11754004E27}.Release|Any CPU.ActiveCfg = Release|x86
		{AC44A609-C360-475C-8BC2-D11754004E27}.Release|Mixed Platforms.ActiveCfg = Release|x86
		{AC44A609-C360-475C-8BC2-D11754004E27}.Release|Mixed Platforms.Build.0 = Release|x86
		{AC44A609-C360-475C-8BC2-D11754004E27}.Release|x86.ActiveCfg = Release|x86
		{AC44A609-C360-475C-8BC2-D11754004E27}.Release|x86.Build.0 = Release|x86
		{5CA698A0-3445-4D9F-A3FE-AE79B4BED58C}.Debug|Any CPU.ActiveCfg = Debug|Any CPU
		{5CA698A0-3445-4D9F-A3FE-AE79B4BED58C}.Debug|Any CPU.Build.0 = Debug|Any CPU
		{5CA698A0-3445-4D9F-A3FE-AE79B4BED58C}.Debug|Mixed Platforms.ActiveCfg = Debug|Any CPU
		{5CA698A0-3445-4D9F-A3FE-AE79B4BED58C}.Debug|Mixed Platforms.Build.0 = Debug|Any CPU
		{5CA698A0-3445-4D9F-A3FE-AE79B4BED58C}.Debug|x86.ActiveCfg = Debug|Any CPU
		{5CA698A0-3445-4D9F-A3FE-AE79B4BED58C}.Release|Any CPU.ActiveCfg = Release|Any CPU
		{5CA698A0-3445-4D9F-A3FE-AE79B4BED58C}.Release|Any CPU.Build.0 = Release|Any CPU
		{5CA698A0-3445-4D9F-A3FE-AE79B4BED58C}.Release|Mixed Platforms.ActiveCfg = Release|Any CPU
		{5CA698A0-3445-4D9F-A3FE-AE79B4BED58C}.Release|Mixed Platforms.Build.0 = Release|Any CPU
		{5CA698A0-3445-4D9F-A3FE-AE79B4BED58C}.Release|x86.ActiveCfg = Release|Any CPU
	EndGlobalSection
	GlobalSection(SolutionProperties) = preSolution
		HideSolutionNode = FALSE
	EndGlobalSection
EndGlobal
